
Microsoft Visual Studio Solution File, Format Version 12.00
# Visual Studio 15
VisualStudioVersion = 15.0.27428.2027
MinimumVisualStudioVersion = 10.0.40219.1
Project("{8BC9CEB8-8B4A-11D0-8D11-00A0C91BC942}") = "AROLib", "AROLib.vcxproj", "{CFFCB27E-C562-40EE-BB0F-384E878BD479}"
EndProject
Project("{8BC9CEB8-8B4A-11D0-8D11-00A0C91BC942}") = "AROTest", "..\AROTest\AROTest.vcxproj", "{C34C9546-D82D-404E-9026-CE7C3C456B0E}"
EndProject
Global
	GlobalSection(SolutionConfigurationPlatforms) = preSolution
		Debug|Win32 = Debug|Win32
		Release|Win32 = Release|Win32
	EndGlobalSection
	GlobalSection(ProjectConfigurationPlatforms) = postSolution
		{CFFCB27E-C562-40EE-BB0F-384E878BD479}.Debug|Win32.ActiveCfg = Debug|Win32
		{CFFCB27E-C562-40EE-BB0F-384E878BD479}.Debug|Win32.Build.0 = Debug|Win32
		{CFFCB27E-C562-40EE-BB0F-384E878BD479}.Release|Win32.ActiveCfg = Release|Win32
		{CFFCB27E-C562-40EE-BB0F-384E878BD479}.Release|Win32.Build.0 = Release|Win32
		{C34C9546-D82D-404E-9026-CE7C3C456B0E}.Debug|Win32.ActiveCfg = Debug|Win32
		{C34C9546-D82D-404E-9026-CE7C3C456B0E}.Debug|Win32.Build.0 = Debug|Win32
		{C34C9546-D82D-404E-9026-CE7C3C456B0E}.Release|Win32.ActiveCfg = Release|Win32
		{C34C9546-D82D-404E-9026-CE7C3C456B0E}.Release|Win32.Build.0 = Release|Win32
	EndGlobalSection
	GlobalSection(SolutionProperties) = preSolution
		HideSolutionNode = FALSE
	EndGlobalSection
	GlobalSection(ExtensibilityGlobals) = postSolution
		SolutionGuid = {96B0F193-5C29-4F8D-BB12-6B7E0BAAA4EA}
	EndGlobalSection
	GlobalSection(TeamFoundationVersionControl) = preSolution
		SccNumberOfProjects = 3
		SccEnterpriseProvider = {4CA58AB2-18FA-4F8D-95D4-32DDF27D184C}
		SccTeamFoundationServer = https://sirkamar.visualstudio.com/
		SccLocalPath0 = .
		SccProjectUniqueName1 = AROLib.vcxproj
		SccLocalPath1 = .
		SccProjectUniqueName2 = ..\\AROTest\\AROTest.vcxproj
		SccProjectName2 = ../AROTest
		SccLocalPath2 = ..\\AROTest
	EndGlobalSection
EndGlobal
