<?xml version="1.0" encoding="utf-8"?>
<Project ToolsVersion="4.0" xmlns="http://schemas.microsoft.com/developer/msbuild/2003">
  <ItemGroup>
    <Filter Include="Source Files">
      <UniqueIdentifier>{4FC737F1-C7A5-4376-A066-2A32D752A2FF}</UniqueIdentifier>
      <Extensions>cpp;c;cc;cxx;def;odl;idl;hpj;bat;asm;asmx</Extensions>
    </Filter>
    <Filter Include="Header Files">
      <UniqueIdentifier>{93995380-89BD-4b04-88EB-625FBE52EBFB}</UniqueIdentifier>
      <Extensions>h;hh;hpp;hxx;hm;inl;inc;xsd</Extensions>
    </Filter>
    <Filter Include="Resource Files">
      <UniqueIdentifier>{67DA6AB6-F800-4c08-8B7A-83BB121AAD01}</UniqueIdentifier>
      <Extensions>rc;ico;cur;bmp;dlg;rc2;rct;bin;rgs;gif;jpg;jpeg;jpe;resx;tiff;tif;png;wav;mfcribbon-ms</Extensions>
    </Filter>
    <Filter Include="Header Files\aro">
      <UniqueIdentifier>{0e86cf76-c431-4d51-a861-4266d1e86236}</UniqueIdentifier>
    </Filter>
    <Filter Include="Source Files\aro">
      <UniqueIdentifier>{cbed7b89-5748-481d-9de1-4605132928a0}</UniqueIdentifier>
    </Filter>
    <Filter Include="Header Files\aro\aws">
      <UniqueIdentifier>{64470671-99ea-4960-9685-b36fee7e9063}</UniqueIdentifier>
    </Filter>
    <Filter Include="Header Files\aro\aws\event">
      <UniqueIdentifier>{9f5a5661-5bae-4b53-84b5-d03a9e9dc2f3}</UniqueIdentifier>
    </Filter>
    <Filter Include="Header Files\aro\core">
      <UniqueIdentifier>{32294be8-d07f-443c-adcf-8db3dc17c109}</UniqueIdentifier>
    </Filter>
    <Filter Include="Header Files\aro\io">
      <UniqueIdentifier>{d9c8066a-e0d2-45f7-b2e1-dba86235822b}</UniqueIdentifier>
    </Filter>
    <Filter Include="Header Files\aro\util">
      <UniqueIdentifier>{1442dba1-434f-46e2-9841-02fa52cd3ab1}</UniqueIdentifier>
    </Filter>
    <Filter Include="Source Files\aro\aws">
      <UniqueIdentifier>{60f6aec8-dbb8-4168-910c-3e1e731bbecc}</UniqueIdentifier>
    </Filter>
    <Filter Include="Source Files\aro\aws\event">
      <UniqueIdentifier>{361dbaca-d2e3-43c3-b732-c09ab0f2051f}</UniqueIdentifier>
    </Filter>
    <Filter Include="Source Files\aro\core">
      <UniqueIdentifier>{277c7287-98a5-48c7-a1a5-d2fea7e4f6c9}</UniqueIdentifier>
    </Filter>
    <Filter Include="Source Files\aro\io">
      <UniqueIdentifier>{2aa50667-3a45-4e7d-bbb6-0a6e503d3b98}</UniqueIdentifier>
    </Filter>
    <Filter Include="Source Files\aro\util">
      <UniqueIdentifier>{b2c854e1-b011-470d-bd6d-659f43a52d5c}</UniqueIdentifier>
    </Filter>
    <Filter Include="Header Files\aro\cui">
      <UniqueIdentifier>{626cd568-6d41-45d7-983f-125151c8efd8}</UniqueIdentifier>
    </Filter>
    <Filter Include="Source Files\aro\cui">
      <UniqueIdentifier>{e70a426d-6dce-4ea6-a337-007db64a887f}</UniqueIdentifier>
    </Filter>
    <Filter Include="Header Files\aro\core\arm">
      <UniqueIdentifier>{ac0d9446-cf81-45d0-b792-c52d743a5e36}</UniqueIdentifier>
    </Filter>
    <Filter Include="Source Files\aro\core\arm">
      <UniqueIdentifier>{c0dd4826-ec6d-418a-883e-eeec3111353d}</UniqueIdentifier>
    </Filter>
    <Filter Include="Header Files\aro\core\utils">
      <UniqueIdentifier>{7d6062de-db80-4117-a1cd-f28d4a6bdc19}</UniqueIdentifier>
    </Filter>
    <Filter Include="Source Files\aro\core\utils">
      <UniqueIdentifier>{db2463d8-74c0-483b-aed2-cd5a0788661a}</UniqueIdentifier>
    </Filter>
    <Filter Include="Header Files\aro\cui\border">
      <UniqueIdentifier>{45217409-68f2-47f9-b707-68321398237c}</UniqueIdentifier>
    </Filter>
    <Filter Include="Source Files\aro\cui\border">
      <UniqueIdentifier>{4ebbb9ca-59dc-4045-9721-227ef7930dde}</UniqueIdentifier>
    </Filter>
    <Filter Include="Header Files\aro\cui\event">
      <UniqueIdentifier>{29330830-7cef-4aac-b091-971e2b90b05a}</UniqueIdentifier>
    </Filter>
    <Filter Include="Source Files\aro\cui\event">
      <UniqueIdentifier>{1b44b9b4-6c8c-4196-8b8d-37be3be52239}</UniqueIdentifier>
    </Filter>
    <Filter Include="Header Files\aro\core\impl">
      <UniqueIdentifier>{bd04cdba-1d4f-4264-b8e1-d411b10943e8}</UniqueIdentifier>
    </Filter>
    <Filter Include="Header Files\aro\io\impl">
      <UniqueIdentifier>{f4976e08-9d89-4f53-bc6c-c1f4429ea1b3}</UniqueIdentifier>
    </Filter>
  </ItemGroup>
  <ItemGroup>
    <ClInclude Include="aro\aws\all.hpp">
      <Filter>Header Files\aro\aws</Filter>
    </ClInclude>
    <ClInclude Include="aro\aws\AWSEvent.hpp">
      <Filter>Header Files\aro\aws</Filter>
    </ClInclude>
    <ClInclude Include="aro\aws\AxisLayout.hpp">
      <Filter>Header Files\aro\aws</Filter>
    </ClInclude>
    <ClInclude Include="aro\aws\Component.hpp">
      <Filter>Header Files\aro\aws</Filter>
    </ClInclude>
    <ClInclude Include="aro\aws\Container.hpp">
      <Filter>Header Files\aro\aws</Filter>
    </ClInclude>
    <ClInclude Include="aro\aws\DeckLayout.hpp">
      <Filter>Header Files\aro\aws</Filter>
    </ClInclude>
    <ClInclude Include="aro\aws\DefaultFocusManager.hpp">
      <Filter>Header Files\aro\aws</Filter>
    </ClInclude>
    <ClInclude Include="aro\aws\DefaultFocusPolicy.hpp">
      <Filter>Header Files\aro\aws</Filter>
    </ClInclude>
    <ClInclude Include="aro\aws\Dialog.hpp">
      <Filter>Header Files\aro\aws</Filter>
    </ClInclude>
    <ClInclude Include="aro\aws\Dimension.hpp">
      <Filter>Header Files\aro\aws</Filter>
    </ClInclude>
    <ClInclude Include="aro\aws\EventDispatcher.hpp">
      <Filter>Header Files\aro\aws</Filter>
    </ClInclude>
    <ClInclude Include="aro\aws\EventQueue.hpp">
      <Filter>Header Files\aro\aws</Filter>
    </ClInclude>
    <ClInclude Include="aro\aws\FocusManager.hpp">
      <Filter>Header Files\aro\aws</Filter>
    </ClInclude>
    <ClInclude Include="aro\aws\FocusPolicy.hpp">
      <Filter>Header Files\aro\aws</Filter>
    </ClInclude>
    <ClInclude Include="aro\aws\Frame.hpp">
      <Filter>Header Files\aro\aws</Filter>
    </ClInclude>
    <ClInclude Include="aro\aws\Graphics.hpp">
      <Filter>Header Files\aro\aws</Filter>
    </ClInclude>
    <ClInclude Include="aro\aws\GraphLayout.hpp">
      <Filter>Header Files\aro\aws</Filter>
    </ClInclude>
    <ClInclude Include="aro\aws\Insets.hpp">
      <Filter>Header Files\aro\aws</Filter>
    </ClInclude>
    <ClInclude Include="aro\aws\KeyStroke.hpp">
      <Filter>Header Files\aro\aws</Filter>
    </ClInclude>
    <ClInclude Include="aro\aws\Layout.hpp">
      <Filter>Header Files\aro\aws</Filter>
    </ClInclude>
    <ClInclude Include="aro\aws\ListenerList.hpp">
      <Filter>Header Files\aro\aws</Filter>
    </ClInclude>
    <ClInclude Include="aro\aws\Point.hpp">
      <Filter>Header Files\aro\aws</Filter>
    </ClInclude>
    <ClInclude Include="aro\aws\Rectangle.hpp">
      <Filter>Header Files\aro\aws</Filter>
    </ClInclude>
    <ClInclude Include="aro\aws\Selectable.hpp">
      <Filter>Header Files\aro\aws</Filter>
    </ClInclude>
    <ClInclude Include="aro\aws\TideLayout.hpp">
      <Filter>Header Files\aro\aws</Filter>
    </ClInclude>
    <ClInclude Include="aro\aws\Window.hpp">
      <Filter>Header Files\aro\aws</Filter>
    </ClInclude>
    <ClInclude Include="aro\aws\ZoneLayout.hpp">
      <Filter>Header Files\aro\aws</Filter>
    </ClInclude>
    <ClInclude Include="aro\aws\event\ActionEvent.hpp">
      <Filter>Header Files\aro\aws\event</Filter>
    </ClInclude>
    <ClInclude Include="aro\aws\event\ActionListener.hpp">
      <Filter>Header Files\aro\aws\event</Filter>
    </ClInclude>
    <ClInclude Include="aro\aws\event\all.hpp">
      <Filter>Header Files\aro\aws\event</Filter>
    </ClInclude>
    <ClInclude Include="aro\aws\event\ComponentEvent.hpp">
      <Filter>Header Files\aro\aws\event</Filter>
    </ClInclude>
    <ClInclude Include="aro\aws\event\ComponentListener.hpp">
      <Filter>Header Files\aro\aws\event</Filter>
    </ClInclude>
    <ClInclude Include="aro\aws\event\FocusAdapter.hpp">
      <Filter>Header Files\aro\aws\event</Filter>
    </ClInclude>
    <ClInclude Include="aro\aws\event\FocusCausedEvent.hpp">
      <Filter>Header Files\aro\aws\event</Filter>
    </ClInclude>
    <ClInclude Include="aro\aws\event\FocusEvent.hpp">
      <Filter>Header Files\aro\aws\event</Filter>
    </ClInclude>
    <ClInclude Include="aro\aws\event\FocusListener.hpp">
      <Filter>Header Files\aro\aws\event</Filter>
    </ClInclude>
    <ClInclude Include="aro\aws\event\InputEvent.hpp">
      <Filter>Header Files\aro\aws\event</Filter>
    </ClInclude>
    <ClInclude Include="aro\aws\event\ItemEvent.hpp">
      <Filter>Header Files\aro\aws\event</Filter>
    </ClInclude>
    <ClInclude Include="aro\aws\event\ItemListener.hpp">
      <Filter>Header Files\aro\aws\event</Filter>
    </ClInclude>
    <ClInclude Include="aro\aws\event\KeyAdapter.hpp">
      <Filter>Header Files\aro\aws\event</Filter>
    </ClInclude>
    <ClInclude Include="aro\aws\event\KeyEvent.hpp">
      <Filter>Header Files\aro\aws\event</Filter>
    </ClInclude>
    <ClInclude Include="aro\aws\event\KeyListener.hpp">
      <Filter>Header Files\aro\aws\event</Filter>
    </ClInclude>
    <ClInclude Include="aro\aws\event\PaintEvent.hpp">
      <Filter>Header Files\aro\aws\event</Filter>
    </ClInclude>
    <ClInclude Include="aro\aws\event\PropertyEvent.hpp">
      <Filter>Header Files\aro\aws\event</Filter>
    </ClInclude>
    <ClInclude Include="aro\aws\event\PropertyListener.hpp">
      <Filter>Header Files\aro\aws\event</Filter>
    </ClInclude>
    <ClInclude Include="aro\aws\event\SelectionEvent.hpp">
      <Filter>Header Files\aro\aws\event</Filter>
    </ClInclude>
    <ClInclude Include="aro\aws\event\SelectionListener.hpp">
      <Filter>Header Files\aro\aws\event</Filter>
    </ClInclude>
    <ClInclude Include="aro\aws\event\StateEvent.hpp">
      <Filter>Header Files\aro\aws\event</Filter>
    </ClInclude>
    <ClInclude Include="aro\aws\event\StateListener.hpp">
      <Filter>Header Files\aro\aws\event</Filter>
    </ClInclude>
    <ClInclude Include="aro\aws\event\WindowAdapter.hpp">
      <Filter>Header Files\aro\aws\event</Filter>
    </ClInclude>
    <ClInclude Include="aro\aws\event\WindowEvent.hpp">
      <Filter>Header Files\aro\aws\event</Filter>
    </ClInclude>
    <ClInclude Include="aro\aws\event\WindowFocusListener.hpp">
      <Filter>Header Files\aro\aws\event</Filter>
    </ClInclude>
    <ClInclude Include="aro\aws\event\WindowListener.hpp">
      <Filter>Header Files\aro\aws\event</Filter>
    </ClInclude>
    <ClInclude Include="aro\core\Array2D.hpp">
      <Filter>Header Files\aro\core</Filter>
    </ClInclude>
    <ClInclude Include="aro\core\Bool.hpp">
      <Filter>Header Files\aro\core</Filter>
    </ClInclude>
    <ClInclude Include="aro\core\Boolean.hpp">
      <Filter>Header Files\aro\core</Filter>
    </ClInclude>
    <ClInclude Include="aro\core\CastException.hpp">
      <Filter>Header Files\aro\core</Filter>
    </ClInclude>
    <ClInclude Include="aro\core\Char.hpp">
      <Filter>Header Files\aro\core</Filter>
    </ClInclude>
    <ClInclude Include="aro\core\Character.hpp">
      <Filter>Header Files\aro\core</Filter>
    </ClInclude>
    <ClInclude Include="aro\core\Comparable.hpp">
      <Filter>Header Files\aro\core</Filter>
    </ClInclude>
    <ClInclude Include="aro\core\Decimal.hpp">
      <Filter>Header Files\aro\core</Filter>
    </ClInclude>
    <ClInclude Include="aro\core\Double.hpp">
      <Filter>Header Files\aro\core</Filter>
    </ClInclude>
    <ClInclude Include="aro\core\Exception.hpp">
      <Filter>Header Files\aro\core</Filter>
    </ClInclude>
    <ClInclude Include="aro\core\Float.hpp">
      <Filter>Header Files\aro\core</Filter>
    </ClInclude>
    <ClInclude Include="aro\core\IndexException.hpp">
      <Filter>Header Files\aro\core</Filter>
    </ClInclude>
    <ClInclude Include="aro\core\Int.hpp">
      <Filter>Header Files\aro\core</Filter>
    </ClInclude>
    <ClInclude Include="aro\core\Integer.hpp">
      <Filter>Header Files\aro\core</Filter>
    </ClInclude>
    <ClInclude Include="aro\core\Interface.hpp">
      <Filter>Header Files\aro\core</Filter>
    </ClInclude>
    <ClInclude Include="aro\core\Iterable.hpp">
      <Filter>Header Files\aro\core</Filter>
    </ClInclude>
    <ClInclude Include="aro\core\Long.hpp">
      <Filter>Header Files\aro\core</Filter>
    </ClInclude>
    <ClInclude Include="aro\core\Math.hpp">
      <Filter>Header Files\aro\core</Filter>
    </ClInclude>
    <ClInclude Include="aro\core\NullException.hpp">
      <Filter>Header Files\aro\core</Filter>
    </ClInclude>
    <ClInclude Include="aro\core\Number.hpp">
      <Filter>Header Files\aro\core</Filter>
    </ClInclude>
    <ClInclude Include="aro\core\Object.hpp">
      <Filter>Header Files\aro\core</Filter>
    </ClInclude>
    <ClInclude Include="aro\core\Runnable.hpp">
      <Filter>Header Files\aro\core</Filter>
    </ClInclude>
    <ClInclude Include="aro\core\Short.hpp">
      <Filter>Header Files\aro\core</Filter>
    </ClInclude>
    <ClInclude Include="aro\core\StateException.hpp">
      <Filter>Header Files\aro\core</Filter>
    </ClInclude>
    <ClInclude Include="aro\core\String.hpp">
      <Filter>Header Files\aro\core</Filter>
    </ClInclude>
    <ClInclude Include="aro\core\StringBuffer.hpp">
      <Filter>Header Files\aro\core</Filter>
    </ClInclude>
    <ClInclude Include="aro\core\StringBuilder.hpp">
      <Filter>Header Files\aro\core</Filter>
    </ClInclude>
    <ClInclude Include="aro\core\System.hpp">
      <Filter>Header Files\aro\core</Filter>
    </ClInclude>
    <ClInclude Include="aro\core\Thread.hpp">
      <Filter>Header Files\aro\core</Filter>
    </ClInclude>
    <ClInclude Include="aro\core\ThreadException.hpp">
      <Filter>Header Files\aro\core</Filter>
    </ClInclude>
    <ClInclude Include="aro\core\UnsupportedException.hpp">
      <Filter>Header Files\aro\core</Filter>
    </ClInclude>
    <ClInclude Include="aro\core\Weak.hpp">
      <Filter>Header Files\aro\core</Filter>
    </ClInclude>
    <ClInclude Include="aro\io\all.hpp">
      <Filter>Header Files\aro\io</Filter>
    </ClInclude>
    <ClInclude Include="aro\io\BufferedInputStream.hpp">
      <Filter>Header Files\aro\io</Filter>
    </ClInclude>
    <ClInclude Include="aro\io\BufferedOutputStream.hpp">
      <Filter>Header Files\aro\io</Filter>
    </ClInclude>
    <ClInclude Include="aro\io\BufferedReader.hpp">
      <Filter>Header Files\aro\io</Filter>
    </ClInclude>
    <ClInclude Include="aro\io\BufferedWriter.hpp">
      <Filter>Header Files\aro\io</Filter>
    </ClInclude>
    <ClInclude Include="aro\io\ByteArrayInputStream.hpp">
      <Filter>Header Files\aro\io</Filter>
    </ClInclude>
    <ClInclude Include="aro\io\ByteArrayOutputStream.hpp">
      <Filter>Header Files\aro\io</Filter>
    </ClInclude>
    <ClInclude Include="aro\io\DataInputStream.hpp">
      <Filter>Header Files\aro\io</Filter>
    </ClInclude>
    <ClInclude Include="aro\io\DataOutputStream.hpp">
      <Filter>Header Files\aro\io</Filter>
    </ClInclude>
    <ClInclude Include="aro\io\FileInputStream.hpp">
      <Filter>Header Files\aro\io</Filter>
    </ClInclude>
    <ClInclude Include="aro\io\FileOutputStream.hpp">
      <Filter>Header Files\aro\io</Filter>
    </ClInclude>
    <ClInclude Include="aro\io\FileReader.hpp">
      <Filter>Header Files\aro\io</Filter>
    </ClInclude>
    <ClInclude Include="aro\io\FileWriter.hpp">
      <Filter>Header Files\aro\io</Filter>
    </ClInclude>
    <ClInclude Include="aro\io\FilterInputStream.hpp">
      <Filter>Header Files\aro\io</Filter>
    </ClInclude>
    <ClInclude Include="aro\io\FilterOutputStream.hpp">
      <Filter>Header Files\aro\io</Filter>
    </ClInclude>
    <ClInclude Include="aro\io\FilterReader.hpp">
      <Filter>Header Files\aro\io</Filter>
    </ClInclude>
    <ClInclude Include="aro\io\FilterWriter.hpp">
      <Filter>Header Files\aro\io</Filter>
    </ClInclude>
    <ClInclude Include="aro\io\InputStream.hpp">
      <Filter>Header Files\aro\io</Filter>
    </ClInclude>
    <ClInclude Include="aro\io\InputStreamReader.hpp">
      <Filter>Header Files\aro\io</Filter>
    </ClInclude>
    <ClInclude Include="aro\io\IOException.hpp">
      <Filter>Header Files\aro\io</Filter>
    </ClInclude>
    <ClInclude Include="aro\io\ObjectInputStream.hpp">
      <Filter>Header Files\aro\io</Filter>
    </ClInclude>
    <ClInclude Include="aro\io\ObjectOutputStream.hpp">
      <Filter>Header Files\aro\io</Filter>
    </ClInclude>
    <ClInclude Include="aro\io\OutputStream.hpp">
      <Filter>Header Files\aro\io</Filter>
    </ClInclude>
    <ClInclude Include="aro\io\OutputStreamWriter.hpp">
      <Filter>Header Files\aro\io</Filter>
    </ClInclude>
    <ClInclude Include="aro\io\PrintStream.hpp">
      <Filter>Header Files\aro\io</Filter>
    </ClInclude>
    <ClInclude Include="aro\io\PrintWriter.hpp">
      <Filter>Header Files\aro\io</Filter>
    </ClInclude>
    <ClInclude Include="aro\io\Reader.hpp">
      <Filter>Header Files\aro\io</Filter>
    </ClInclude>
    <ClInclude Include="aro\io\StringInputStream.hpp">
      <Filter>Header Files\aro\io</Filter>
    </ClInclude>
    <ClInclude Include="aro\io\StringOutputStream.hpp">
      <Filter>Header Files\aro\io</Filter>
    </ClInclude>
    <ClInclude Include="aro\io\StringReader.hpp">
      <Filter>Header Files\aro\io</Filter>
    </ClInclude>
    <ClInclude Include="aro\io\StringWriter.hpp">
      <Filter>Header Files\aro\io</Filter>
    </ClInclude>
    <ClInclude Include="aro\io\Writer.hpp">
      <Filter>Header Files\aro\io</Filter>
    </ClInclude>
    <ClInclude Include="aro\util\AbstractCollection.hpp">
      <Filter>Header Files\aro\util</Filter>
    </ClInclude>
    <ClInclude Include="aro\util\AbstractList.hpp">
      <Filter>Header Files\aro\util</Filter>
    </ClInclude>
    <ClInclude Include="aro\util\AbstractMap.hpp">
      <Filter>Header Files\aro\util</Filter>
    </ClInclude>
    <ClInclude Include="aro\util\AbstractSet.hpp">
      <Filter>Header Files\aro\util</Filter>
    </ClInclude>
    <ClInclude Include="aro\util\all.hpp">
      <Filter>Header Files\aro\util</Filter>
    </ClInclude>
    <ClInclude Include="aro\util\ArrayList.hpp">
      <Filter>Header Files\aro\util</Filter>
    </ClInclude>
    <ClInclude Include="aro\util\Collection.hpp">
      <Filter>Header Files\aro\util</Filter>
    </ClInclude>
    <ClInclude Include="aro\util\Comparator.hpp">
      <Filter>Header Files\aro\util</Filter>
    </ClInclude>
    <ClInclude Include="aro\util\Date.hpp">
      <Filter>Header Files\aro\util</Filter>
    </ClInclude>
    <ClInclude Include="aro\util\Event.hpp">
      <Filter>Header Files\aro\util</Filter>
    </ClInclude>
    <ClInclude Include="aro\util\HashMap.hpp">
      <Filter>Header Files\aro\util</Filter>
    </ClInclude>
    <ClInclude Include="aro\util\HashSet.hpp">
      <Filter>Header Files\aro\util</Filter>
    </ClInclude>
    <ClInclude Include="aro\util\Iterator.hpp">
      <Filter>Header Files\aro\util</Filter>
    </ClInclude>
    <ClInclude Include="aro\util\LinkedList.hpp">
      <Filter>Header Files\aro\util</Filter>
    </ClInclude>
    <ClInclude Include="aro\util\List.hpp">
      <Filter>Header Files\aro\util</Filter>
    </ClInclude>
    <ClInclude Include="aro\util\Listener.hpp">
      <Filter>Header Files\aro\util</Filter>
    </ClInclude>
    <ClInclude Include="aro\util\ListIterator.hpp">
      <Filter>Header Files\aro\util</Filter>
    </ClInclude>
    <ClInclude Include="aro\util\Map.hpp">
      <Filter>Header Files\aro\util</Filter>
    </ClInclude>
    <ClInclude Include="aro\util\Set.hpp">
      <Filter>Header Files\aro\util</Filter>
    </ClInclude>
    <ClInclude Include="aro\util\Stack.hpp">
      <Filter>Header Files\aro\util</Filter>
    </ClInclude>
    <ClInclude Include="aro\util\StringTokenizer.hpp">
      <Filter>Header Files\aro\util</Filter>
    </ClInclude>
    <ClInclude Include="aro\util\Time.hpp">
      <Filter>Header Files\aro\util</Filter>
    </ClInclude>
    <ClInclude Include="aro\util\Timestamp.hpp">
      <Filter>Header Files\aro\util</Filter>
    </ClInclude>
    <ClInclude Include="aro\util\Vector.hpp">
      <Filter>Header Files\aro\util</Filter>
    </ClInclude>
    <ClInclude Include="aro\util\WeakHashMap.hpp">
      <Filter>Header Files\aro\util</Filter>
    </ClInclude>
    <ClInclude Include="aro\cui\Console.hpp">
      <Filter>Header Files\aro\cui</Filter>
    </ClInclude>
    <ClInclude Include="aro\cui\ConsoleGraphics.hpp">
      <Filter>Header Files\aro\cui</Filter>
    </ClInclude>
    <ClInclude Include="aro\core.hpp">
      <Filter>Header Files\aro</Filter>
    </ClInclude>
    <ClInclude Include="aro\core\arm\Arm.hpp">
      <Filter>Header Files\aro\core\arm</Filter>
    </ClInclude>
    <ClInclude Include="aro\core\arm\Cfg.hpp">
      <Filter>Header Files\aro\core\arm</Filter>
    </ClInclude>
    <ClInclude Include="aro\core\arm\Ref.hpp">
      <Filter>Header Files\aro\core\arm</Filter>
    </ClInclude>
    <ClInclude Include="aro\core\arm\Ref-impl.hpp">
      <Filter>Header Files\aro\core\arm</Filter>
    </ClInclude>
    <ClInclude Include="aro\core\arm\RefArray.hpp">
      <Filter>Header Files\aro\core\arm</Filter>
    </ClInclude>
    <ClInclude Include="aro\core\arm\RefArray-impl.hpp">
      <Filter>Header Files\aro\core\arm</Filter>
    </ClInclude>
    <ClInclude Include="aro\core\arm\RefComp.hpp">
      <Filter>Header Files\aro\core\arm</Filter>
    </ClInclude>
    <ClInclude Include="aro\core\arm\RefNull.hpp">
      <Filter>Header Files\aro\core\arm</Filter>
    </ClInclude>
    <ClInclude Include="aro\core\arm\RefObject.hpp">
      <Filter>Header Files\aro\core\arm</Filter>
    </ClInclude>
    <ClInclude Include="aro\core\arm\RefObject-impl.hpp">
      <Filter>Header Files\aro\core\arm</Filter>
    </ClInclude>
    <ClInclude Include="aro\core\arm\RefStream.hpp">
      <Filter>Header Files\aro\core\arm</Filter>
    </ClInclude>
    <ClInclude Include="aro\core\arm\RefString.hpp">
      <Filter>Header Files\aro\core\arm</Filter>
    </ClInclude>
    <ClInclude Include="aro\core\arm\RefWeak.hpp">
      <Filter>Header Files\aro\core\arm</Filter>
    </ClInclude>
    <ClInclude Include="aro\core\arm\RefWeak-impl.hpp">
      <Filter>Header Files\aro\core\arm</Filter>
    </ClInclude>
    <ClInclude Include="aro\core\Null.hpp">
      <Filter>Header Files\aro\core</Filter>
    </ClInclude>
    <ClInclude Include="aro\io\Streamable.hpp">
      <Filter>Header Files\aro\io</Filter>
    </ClInclude>
    <ClInclude Include="aro\core\utils\Foreach.hpp">
      <Filter>Header Files\aro\core\utils</Filter>
    </ClInclude>
    <ClInclude Include="aro\core\utils\Utils.hpp">
      <Filter>Header Files\aro\core\utils</Filter>
    </ClInclude>
    <ClInclude Include="aro\core\ArrayBase.hpp">
      <Filter>Header Files\aro\core</Filter>
    </ClInclude>
    <ClInclude Include="aro\core\Array.hpp">
      <Filter>Header Files\aro\core</Filter>
    </ClInclude>
    <ClInclude Include="aro\core\arm\RefArrayBase.hpp">
      <Filter>Header Files\aro\core\arm</Filter>
    </ClInclude>
    <ClInclude Include="aro\core\arm\RefArrayBase-impl.hpp">
      <Filter>Header Files\aro\core\arm</Filter>
    </ClInclude>
    <ClInclude Include="aro\core\arm\Types.hpp">
      <Filter>Header Files\aro\core\arm</Filter>
    </ClInclude>
    <ClInclude Include="aro\core\ArgumentException.hpp">
      <Filter>Header Files\aro\core</Filter>
    </ClInclude>
    <ClInclude Include="aro\core\utils\ObjectFactory.hpp">
      <Filter>Header Files\aro\core\utils</Filter>
    </ClInclude>
    <ClInclude Include="aro\cui\all.hpp">
      <Filter>Header Files\aro\cui</Filter>
    </ClInclude>
    <ClInclude Include="aro\aws\SystemMonitor.hpp">
      <Filter>Header Files\aro\aws</Filter>
    </ClInclude>
    <ClInclude Include="aro\core\arm\RefIterator.hpp">
      <Filter>Header Files\aro\core\arm</Filter>
    </ClInclude>
    <ClInclude Include="aro\core\arm\RefIterator-impl.hpp">
      <Filter>Header Files\aro\core\arm</Filter>
    </ClInclude>
    <ClInclude Include="aro\io\StreamBase.hpp">
      <Filter>Header Files\aro\io</Filter>
    </ClInclude>
    <ClInclude Include="aro\core\utils\ThreadLibrary.hpp">
      <Filter>Header Files\aro\core\utils</Filter>
    </ClInclude>
    <ClInclude Include="aro\cui\CSButton.hpp">
      <Filter>Header Files\aro\cui</Filter>
    </ClInclude>
    <ClInclude Include="aro\cui\CSCheckBox.hpp">
      <Filter>Header Files\aro\cui</Filter>
    </ClInclude>
    <ClInclude Include="aro\cui\CSDialog.hpp">
      <Filter>Header Files\aro\cui</Filter>
    </ClInclude>
    <ClInclude Include="aro\cui\CSFrame.hpp">
      <Filter>Header Files\aro\cui</Filter>
    </ClInclude>
    <ClInclude Include="aro\cui\CSPanel.hpp">
      <Filter>Header Files\aro\cui</Filter>
    </ClInclude>
    <ClInclude Include="aro\cui\CSWindow.hpp">
      <Filter>Header Files\aro\cui</Filter>
    </ClInclude>
    <ClInclude Include="aro\cui\CSLabel.hpp">
      <Filter>Header Files\aro\cui</Filter>
    </ClInclude>
    <ClInclude Include="aro\cui\CSPasswordBox.hpp">
      <Filter>Header Files\aro\cui</Filter>
    </ClInclude>
    <ClInclude Include="aro\cui\CSProgressBar.hpp">
      <Filter>Header Files\aro\cui</Filter>
    </ClInclude>
    <ClInclude Include="aro\cui\CSRadioButton.hpp">
      <Filter>Header Files\aro\cui</Filter>
    </ClInclude>
    <ClInclude Include="aro\cui\CSTextArea.hpp">
      <Filter>Header Files\aro\cui</Filter>
    </ClInclude>
    <ClInclude Include="aro\cui\CSTextBox.hpp">
      <Filter>Header Files\aro\cui</Filter>
    </ClInclude>
    <ClInclude Include="aro\cui\CSComponent.hpp">
      <Filter>Header Files\aro\cui</Filter>
    </ClInclude>
    <ClInclude Include="aro\cui\border\AbstractBorder.hpp">
      <Filter>Header Files\aro\cui\border</Filter>
    </ClInclude>
    <ClInclude Include="aro\cui\border\Border.hpp">
      <Filter>Header Files\aro\cui\border</Filter>
    </ClInclude>
    <ClInclude Include="aro\cui\border\DualBorder.hpp">
      <Filter>Header Files\aro\cui\border</Filter>
    </ClInclude>
    <ClInclude Include="aro\cui\border\EmptyBorder.hpp">
      <Filter>Header Files\aro\cui\border</Filter>
    </ClInclude>
    <ClInclude Include="aro\cui\border\FrameBorder.hpp">
      <Filter>Header Files\aro\cui\border</Filter>
    </ClInclude>
    <ClInclude Include="aro\cui\border\LineBorder.hpp">
      <Filter>Header Files\aro\cui\border</Filter>
    </ClInclude>
    <ClInclude Include="aro\cui\border\StarBorder.hpp">
      <Filter>Header Files\aro\cui\border</Filter>
    </ClInclude>
    <ClInclude Include="aro\cui\border\TitleBorder.hpp">
      <Filter>Header Files\aro\cui\border</Filter>
    </ClInclude>
    <ClInclude Include="aro\cui\event\TextEvent.hpp">
      <Filter>Header Files\aro\cui\event</Filter>
    </ClInclude>
    <ClInclude Include="aro\cui\event\TextListener.hpp">
      <Filter>Header Files\aro\cui\event</Filter>
    </ClInclude>
    <ClInclude Include="aro\cui\CSTextComponent.hpp">
      <Filter>Header Files\aro\cui</Filter>
    </ClInclude>
    <ClInclude Include="aro\cui\event\all.hpp">
      <Filter>Header Files\aro\cui\event</Filter>
    </ClInclude>
    <ClInclude Include="aro\cui\border\all.hpp">
      <Filter>Header Files\aro\cui\border</Filter>
    </ClInclude>
    <ClInclude Include="aro\cui\event\ChangeListener.hpp">
      <Filter>Header Files\aro\cui\event</Filter>
    </ClInclude>
    <ClInclude Include="aro\cui\event\ChangeEvent.hpp">
      <Filter>Header Files\aro\cui\event</Filter>
    </ClInclude>
    <ClInclude Include="aro\cui\CUIConstants.hpp">
      <Filter>Header Files\aro\cui</Filter>
    </ClInclude>
    <ClInclude Include="aro\cui\CSAbstractButton.hpp">
      <Filter>Header Files\aro\cui</Filter>
    </ClInclude>
    <ClInclude Include="aro\cui\CSList.hpp">
      <Filter>Header Files\aro\cui</Filter>
    </ClInclude>
    <ClInclude Include="aro\cui\CSButtonGroup.hpp">
      <Filter>Header Files\aro\cui</Filter>
    </ClInclude>
    <ClInclude Include="aro\core\arm\SyncLock.hpp">
      <Filter>Header Files\aro\core\arm</Filter>
    </ClInclude>
    <ClInclude Include="aro\core\arm\RefTU.hpp">
      <Filter>Header Files\aro\core\arm</Filter>
    </ClInclude>
    <ClInclude Include="aro\core\arm\RefTU-impl.hpp">
      <Filter>Header Files\aro\core\arm</Filter>
    </ClInclude>
    <ClInclude Include="aro\core\Cloneable.hpp">
      <Filter>Header Files\aro\core</Filter>
    </ClInclude>
    <ClInclude Include="aro\core\utils\ObjectFactory-impl.hpp">
      <Filter>Header Files\aro\core\utils</Filter>
    </ClInclude>
    <ClInclude Include="aro\core\MutableString.hpp">
      <Filter>Header Files\aro\core</Filter>
    </ClInclude>
    <ClInclude Include="aro\core\impl\Array2D-impl.hpp">
      <Filter>Header Files\aro\core\impl</Filter>
    </ClInclude>
    <ClInclude Include="aro\core\impl\ArrayBase-impl.hpp">
      <Filter>Header Files\aro\core\impl</Filter>
    </ClInclude>
    <ClInclude Include="aro\core\impl\Array-impl.hpp">
      <Filter>Header Files\aro\core\impl</Filter>
    </ClInclude>
    <ClInclude Include="aro\core\impl\Cloneable-impl.hpp">
      <Filter>Header Files\aro\core\impl</Filter>
    </ClInclude>
    <ClInclude Include="aro\core\impl\Weak-impl.hpp">
      <Filter>Header Files\aro\core\impl</Filter>
    </ClInclude>
    <ClInclude Include="aro\core\arm\Base.hpp">
      <Filter>Header Files\aro\core\arm</Filter>
    </ClInclude>
    <ClInclude Include="aro\io\impl\Streamable-impl.hpp">
      <Filter>Header Files\aro\io\impl</Filter>
    </ClInclude>
  </ItemGroup>
  <ItemGroup>
    <ClCompile Include="aro\aws\AWSEvent.cpp">
      <Filter>Source Files\aro\aws</Filter>
    </ClCompile>
    <ClCompile Include="aro\aws\AxisLayout.cpp">
      <Filter>Source Files\aro\aws</Filter>
    </ClCompile>
    <ClCompile Include="aro\aws\Component.cpp">
      <Filter>Source Files\aro\aws</Filter>
    </ClCompile>
    <ClCompile Include="aro\aws\Container.cpp">
      <Filter>Source Files\aro\aws</Filter>
    </ClCompile>
    <ClCompile Include="aro\aws\DeckLayout.cpp">
      <Filter>Source Files\aro\aws</Filter>
    </ClCompile>
    <ClCompile Include="aro\aws\DefaultFocusManager.cpp">
      <Filter>Source Files\aro\aws</Filter>
    </ClCompile>
    <ClCompile Include="aro\aws\DefaultFocusPolicy.cpp">
      <Filter>Source Files\aro\aws</Filter>
    </ClCompile>
    <ClCompile Include="aro\aws\Dialog.cpp">
      <Filter>Source Files\aro\aws</Filter>
    </ClCompile>
    <ClCompile Include="aro\aws\Dimension.cpp">
      <Filter>Source Files\aro\aws</Filter>
    </ClCompile>
    <ClCompile Include="aro\aws\EventDispatcher.cpp">
      <Filter>Source Files\aro\aws</Filter>
    </ClCompile>
    <ClCompile Include="aro\aws\EventQueue.cpp">
      <Filter>Source Files\aro\aws</Filter>
    </ClCompile>
    <ClCompile Include="aro\aws\FocusManager.cpp">
      <Filter>Source Files\aro\aws</Filter>
    </ClCompile>
    <ClCompile Include="aro\aws\Frame.cpp">
      <Filter>Source Files\aro\aws</Filter>
    </ClCompile>
    <ClCompile Include="aro\aws\GraphLayout.cpp">
      <Filter>Source Files\aro\aws</Filter>
    </ClCompile>
    <ClCompile Include="aro\aws\Insets.cpp">
      <Filter>Source Files\aro\aws</Filter>
    </ClCompile>
    <ClCompile Include="aro\aws\KeyStroke.cpp">
      <Filter>Source Files\aro\aws</Filter>
    </ClCompile>
    <ClCompile Include="aro\aws\ListenerList.cpp">
      <Filter>Source Files\aro\aws</Filter>
    </ClCompile>
    <ClCompile Include="aro\aws\Point.cpp">
      <Filter>Source Files\aro\aws</Filter>
    </ClCompile>
    <ClCompile Include="aro\aws\Rectangle.cpp">
      <Filter>Source Files\aro\aws</Filter>
    </ClCompile>
    <ClCompile Include="aro\aws\SystemMonitor.cpp">
      <Filter>Source Files\aro\aws</Filter>
    </ClCompile>
    <ClCompile Include="aro\aws\TideLayout.cpp">
      <Filter>Source Files\aro\aws</Filter>
    </ClCompile>
    <ClCompile Include="aro\aws\Window.cpp">
      <Filter>Source Files\aro\aws</Filter>
    </ClCompile>
    <ClCompile Include="aro\aws\ZoneLayout.cpp">
      <Filter>Source Files\aro\aws</Filter>
    </ClCompile>
    <ClCompile Include="aro\aws\event\ActionEvent.cpp">
      <Filter>Source Files\aro\aws\event</Filter>
    </ClCompile>
    <ClCompile Include="aro\aws\event\ComponentEvent.cpp">
      <Filter>Source Files\aro\aws\event</Filter>
    </ClCompile>
    <ClCompile Include="aro\aws\event\FocusAdapter.cpp">
      <Filter>Source Files\aro\aws\event</Filter>
    </ClCompile>
    <ClCompile Include="aro\aws\event\FocusCausedEvent.cpp">
      <Filter>Source Files\aro\aws\event</Filter>
    </ClCompile>
    <ClCompile Include="aro\aws\event\FocusEvent.cpp">
      <Filter>Source Files\aro\aws\event</Filter>
    </ClCompile>
    <ClCompile Include="aro\aws\event\InputEvent.cpp">
      <Filter>Source Files\aro\aws\event</Filter>
    </ClCompile>
    <ClCompile Include="aro\aws\event\KeyAdapter.cpp">
      <Filter>Source Files\aro\aws\event</Filter>
    </ClCompile>
    <ClCompile Include="aro\aws\event\KeyEvent.cpp">
      <Filter>Source Files\aro\aws\event</Filter>
    </ClCompile>
    <ClCompile Include="aro\aws\event\PaintEvent.cpp">
      <Filter>Source Files\aro\aws\event</Filter>
    </ClCompile>
    <ClCompile Include="aro\aws\event\PropertyEvent.cpp">
      <Filter>Source Files\aro\aws\event</Filter>
    </ClCompile>
    <ClCompile Include="aro\aws\event\SelectionEvent.cpp">
      <Filter>Source Files\aro\aws\event</Filter>
    </ClCompile>
    <ClCompile Include="aro\aws\event\StateEvent.cpp">
      <Filter>Source Files\aro\aws\event</Filter>
    </ClCompile>
    <ClCompile Include="aro\aws\event\WindowAdapter.cpp">
      <Filter>Source Files\aro\aws\event</Filter>
    </ClCompile>
    <ClCompile Include="aro\aws\event\WindowEvent.cpp">
      <Filter>Source Files\aro\aws\event</Filter>
    </ClCompile>
    <ClCompile Include="aro\core\Bool.cpp">
      <Filter>Source Files\aro\core</Filter>
    </ClCompile>
    <ClCompile Include="aro\core\Boolean.cpp">
      <Filter>Source Files\aro\core</Filter>
    </ClCompile>
    <ClCompile Include="aro\core\CastException.cpp">
      <Filter>Source Files\aro\core</Filter>
    </ClCompile>
    <ClCompile Include="aro\core\Char.cpp">
      <Filter>Source Files\aro\core</Filter>
    </ClCompile>
    <ClCompile Include="aro\core\Character.cpp">
      <Filter>Source Files\aro\core</Filter>
    </ClCompile>
    <ClCompile Include="aro\core\Decimal.cpp">
      <Filter>Source Files\aro\core</Filter>
    </ClCompile>
    <ClCompile Include="aro\core\Double.cpp">
      <Filter>Source Files\aro\core</Filter>
    </ClCompile>
    <ClCompile Include="aro\core\Exception.cpp">
      <Filter>Source Files\aro\core</Filter>
    </ClCompile>
    <ClCompile Include="aro\core\Float.cpp">
      <Filter>Source Files\aro\core</Filter>
    </ClCompile>
    <ClCompile Include="aro\core\IndexException.cpp">
      <Filter>Source Files\aro\core</Filter>
    </ClCompile>
    <ClCompile Include="aro\core\Int.cpp">
      <Filter>Source Files\aro\core</Filter>
    </ClCompile>
    <ClCompile Include="aro\core\Integer.cpp">
      <Filter>Source Files\aro\core</Filter>
    </ClCompile>
    <ClCompile Include="aro\core\Long.cpp">
      <Filter>Source Files\aro\core</Filter>
    </ClCompile>
    <ClCompile Include="aro\core\Math.cpp">
      <Filter>Source Files\aro\core</Filter>
    </ClCompile>
    <ClCompile Include="aro\core\NullException.cpp">
      <Filter>Source Files\aro\core</Filter>
    </ClCompile>
    <ClCompile Include="aro\core\Number.cpp">
      <Filter>Source Files\aro\core</Filter>
    </ClCompile>
    <ClCompile Include="aro\core\Object.cpp">
      <Filter>Source Files\aro\core</Filter>
    </ClCompile>
    <ClCompile Include="aro\core\Short.cpp">
      <Filter>Source Files\aro\core</Filter>
    </ClCompile>
    <ClCompile Include="aro\core\StateException.cpp">
      <Filter>Source Files\aro\core</Filter>
    </ClCompile>
    <ClCompile Include="aro\core\String.cpp">
      <Filter>Source Files\aro\core</Filter>
    </ClCompile>
    <ClCompile Include="aro\core\StringBuffer.cpp">
      <Filter>Source Files\aro\core</Filter>
    </ClCompile>
    <ClCompile Include="aro\core\StringBuilder.cpp">
      <Filter>Source Files\aro\core</Filter>
    </ClCompile>
    <ClCompile Include="aro\core\System.cpp">
      <Filter>Source Files\aro\core</Filter>
    </ClCompile>
    <ClCompile Include="aro\core\Thread.cpp">
      <Filter>Source Files\aro\core</Filter>
    </ClCompile>
    <ClCompile Include="aro\core\ThreadException.cpp">
      <Filter>Source Files\aro\core</Filter>
    </ClCompile>
    <ClCompile Include="aro\core\UnsupportedException.cpp">
      <Filter>Source Files\aro\core</Filter>
    </ClCompile>
    <ClCompile Include="aro\io\BufferedInputStream.cpp">
      <Filter>Source Files\aro\io</Filter>
    </ClCompile>
    <ClCompile Include="aro\io\BufferedOutputStream.cpp">
      <Filter>Source Files\aro\io</Filter>
    </ClCompile>
    <ClCompile Include="aro\io\BufferedReader.cpp">
      <Filter>Source Files\aro\io</Filter>
    </ClCompile>
    <ClCompile Include="aro\io\BufferedWriter.cpp">
      <Filter>Source Files\aro\io</Filter>
    </ClCompile>
    <ClCompile Include="aro\io\ByteArrayInputStream.cpp">
      <Filter>Source Files\aro\io</Filter>
    </ClCompile>
    <ClCompile Include="aro\io\ByteArrayOutputStream.cpp">
      <Filter>Source Files\aro\io</Filter>
    </ClCompile>
    <ClCompile Include="aro\io\DataInputStream.cpp">
      <Filter>Source Files\aro\io</Filter>
    </ClCompile>
    <ClCompile Include="aro\io\DataOutputStream.cpp">
      <Filter>Source Files\aro\io</Filter>
    </ClCompile>
    <ClCompile Include="aro\io\FileInputStream.cpp">
      <Filter>Source Files\aro\io</Filter>
    </ClCompile>
    <ClCompile Include="aro\io\FileOutputStream.cpp">
      <Filter>Source Files\aro\io</Filter>
    </ClCompile>
    <ClCompile Include="aro\io\FileReader.cpp">
      <Filter>Source Files\aro\io</Filter>
    </ClCompile>
    <ClCompile Include="aro\io\FileWriter.cpp">
      <Filter>Source Files\aro\io</Filter>
    </ClCompile>
    <ClCompile Include="aro\io\FilterInputStream.cpp">
      <Filter>Source Files\aro\io</Filter>
    </ClCompile>
    <ClCompile Include="aro\io\FilterOutputStream.cpp">
      <Filter>Source Files\aro\io</Filter>
    </ClCompile>
    <ClCompile Include="aro\io\FilterReader.cpp">
      <Filter>Source Files\aro\io</Filter>
    </ClCompile>
    <ClCompile Include="aro\io\FilterWriter.cpp">
      <Filter>Source Files\aro\io</Filter>
    </ClCompile>
    <ClCompile Include="aro\io\InputStream.cpp">
      <Filter>Source Files\aro\io</Filter>
    </ClCompile>
    <ClCompile Include="aro\io\InputStreamReader.cpp">
      <Filter>Source Files\aro\io</Filter>
    </ClCompile>
    <ClCompile Include="aro\io\IOException.cpp">
      <Filter>Source Files\aro\io</Filter>
    </ClCompile>
    <ClCompile Include="aro\io\ObjectInputStream.cpp">
      <Filter>Source Files\aro\io</Filter>
    </ClCompile>
    <ClCompile Include="aro\io\ObjectOutputStream.cpp">
      <Filter>Source Files\aro\io</Filter>
    </ClCompile>
    <ClCompile Include="aro\io\OutputStream.cpp">
      <Filter>Source Files\aro\io</Filter>
    </ClCompile>
    <ClCompile Include="aro\io\OutputStreamWriter.cpp">
      <Filter>Source Files\aro\io</Filter>
    </ClCompile>
    <ClCompile Include="aro\io\PrintStream.cpp">
      <Filter>Source Files\aro\io</Filter>
    </ClCompile>
    <ClCompile Include="aro\io\PrintWriter.cpp">
      <Filter>Source Files\aro\io</Filter>
    </ClCompile>
    <ClCompile Include="aro\io\Reader.cpp">
      <Filter>Source Files\aro\io</Filter>
    </ClCompile>
    <ClCompile Include="aro\io\StringInputStream.cpp">
      <Filter>Source Files\aro\io</Filter>
    </ClCompile>
    <ClCompile Include="aro\io\StringOutputStream.cpp">
      <Filter>Source Files\aro\io</Filter>
    </ClCompile>
    <ClCompile Include="aro\io\StringReader.cpp">
      <Filter>Source Files\aro\io</Filter>
    </ClCompile>
    <ClCompile Include="aro\io\StringWriter.cpp">
      <Filter>Source Files\aro\io</Filter>
    </ClCompile>
    <ClCompile Include="aro\io\Writer.cpp">
      <Filter>Source Files\aro\io</Filter>
    </ClCompile>
    <ClCompile Include="aro\util\Date.cpp">
      <Filter>Source Files\aro\util</Filter>
    </ClCompile>
    <ClCompile Include="aro\util\Event.cpp">
      <Filter>Source Files\aro\util</Filter>
    </ClCompile>
    <ClCompile Include="aro\util\StringTokenizer.cpp">
      <Filter>Source Files\aro\util</Filter>
    </ClCompile>
    <ClCompile Include="aro\util\Time.cpp">
      <Filter>Source Files\aro\util</Filter>
    </ClCompile>
    <ClCompile Include="aro\util\Timestamp.cpp">
      <Filter>Source Files\aro\util</Filter>
    </ClCompile>
    <ClCompile Include="aro\cui\Console.cpp">
      <Filter>Source Files\aro\cui</Filter>
    </ClCompile>
    <ClCompile Include="aro\cui\ConsoleGraphics.cpp">
      <Filter>Source Files\aro\cui</Filter>
    </ClCompile>
    <ClCompile Include="aro\core\arm\Arm.cpp">
      <Filter>Source Files\aro\core\arm</Filter>
    </ClCompile>
    <ClCompile Include="aro\core\arm\Cfg.cpp">
      <Filter>Source Files\aro\core\arm</Filter>
    </ClCompile>
    <ClCompile Include="aro\core\arm\RefComp.cpp">
      <Filter>Source Files\aro\core\arm</Filter>
    </ClCompile>
    <ClCompile Include="aro\core\arm\RefNull.cpp">
      <Filter>Source Files\aro\core\arm</Filter>
    </ClCompile>
    <ClCompile Include="aro\core\arm\RefObject.cpp">
      <Filter>Source Files\aro\core\arm</Filter>
    </ClCompile>
    <ClCompile Include="aro\core\arm\RefStream.cpp">
      <Filter>Source Files\aro\core\arm</Filter>
    </ClCompile>
    <ClCompile Include="aro\core\arm\RefString.cpp">
      <Filter>Source Files\aro\core\arm</Filter>
    </ClCompile>
    <ClCompile Include="aro\core\Array.cpp">
      <Filter>Source Files\aro\core</Filter>
    </ClCompile>
    <ClCompile Include="aro\core\arm\RefArray.cpp">
      <Filter>Source Files\aro\core\arm</Filter>
    </ClCompile>
    <ClCompile Include="aro\core\ArgumentException.cpp">
      <Filter>Source Files\aro\core</Filter>
    </ClCompile>
    <ClCompile Include="aro\core\utils\ObjectFactory.cpp">
      <Filter>Source Files\aro\core\utils</Filter>
    </ClCompile>
    <ClCompile Include="aro\aws\event\ItemEvent.cpp">
      <Filter>Source Files\aro\aws\event</Filter>
    </ClCompile>
    <ClCompile Include="aro\core\utils\ThreadLibrary.cpp">
      <Filter>Source Files\aro\core\utils</Filter>
    </ClCompile>
    <ClCompile Include="aro\cui\CSButton.cpp">
      <Filter>Source Files\aro\cui</Filter>
    </ClCompile>
    <ClCompile Include="aro\cui\CSCheckBox.cpp">
      <Filter>Source Files\aro\cui</Filter>
    </ClCompile>
    <ClCompile Include="aro\cui\CSDialog.cpp">
      <Filter>Source Files\aro\cui</Filter>
    </ClCompile>
    <ClCompile Include="aro\cui\CSFrame.cpp">
      <Filter>Source Files\aro\cui</Filter>
    </ClCompile>
    <ClCompile Include="aro\cui\CSPanel.cpp">
      <Filter>Source Files\aro\cui</Filter>
    </ClCompile>
    <ClCompile Include="aro\cui\CSLabel.cpp">
      <Filter>Source Files\aro\cui</Filter>
    </ClCompile>
    <ClCompile Include="aro\cui\CSPasswordBox.cpp">
      <Filter>Source Files\aro\cui</Filter>
    </ClCompile>
    <ClCompile Include="aro\cui\CSProgressBar.cpp">
      <Filter>Source Files\aro\cui</Filter>
    </ClCompile>
    <ClCompile Include="aro\cui\CSRadioButton.cpp">
      <Filter>Source Files\aro\cui</Filter>
    </ClCompile>
    <ClCompile Include="aro\cui\CSTextArea.cpp">
      <Filter>Source Files\aro\cui</Filter>
    </ClCompile>
    <ClCompile Include="aro\cui\CSTextBox.cpp">
      <Filter>Source Files\aro\cui</Filter>
    </ClCompile>
    <ClCompile Include="aro\cui\CSWindow.cpp">
      <Filter>Source Files\aro\cui</Filter>
    </ClCompile>
    <ClCompile Include="aro\cui\CSComponent.cpp">
      <Filter>Source Files\aro\cui</Filter>
    </ClCompile>
    <ClCompile Include="aro\cui\border\AbstractBorder.cpp">
      <Filter>Source Files\aro\cui\border</Filter>
    </ClCompile>
    <ClCompile Include="aro\cui\border\DualBorder.cpp">
      <Filter>Source Files\aro\cui\border</Filter>
    </ClCompile>
    <ClCompile Include="aro\cui\border\EmptyBorder.cpp">
      <Filter>Source Files\aro\cui\border</Filter>
    </ClCompile>
    <ClCompile Include="aro\cui\border\FrameBorder.cpp">
      <Filter>Source Files\aro\cui\border</Filter>
    </ClCompile>
    <ClCompile Include="aro\cui\border\LineBorder.cpp">
      <Filter>Source Files\aro\cui\border</Filter>
    </ClCompile>
    <ClCompile Include="aro\cui\border\StarBorder.cpp">
      <Filter>Source Files\aro\cui\border</Filter>
    </ClCompile>
    <ClCompile Include="aro\cui\border\TitleBorder.cpp">
      <Filter>Source Files\aro\cui\border</Filter>
    </ClCompile>
    <ClCompile Include="aro\cui\event\TextEvent.cpp">
      <Filter>Source Files\aro\cui\event</Filter>
    </ClCompile>
    <ClCompile Include="aro\cui\CSTextComponent.cpp">
      <Filter>Source Files\aro\cui</Filter>
    </ClCompile>
    <ClCompile Include="aro\cui\event\ChangeEvent.cpp">
      <Filter>Source Files\aro\cui\event</Filter>
    </ClCompile>
    <ClCompile Include="aro\cui\CSList.cpp">
      <Filter>Source Files\aro\cui</Filter>
    </ClCompile>
    <ClCompile Include="aro\cui\CSAbstractButton.cpp">
      <Filter>Source Files\aro\cui</Filter>
    </ClCompile>
    <ClCompile Include="aro\cui\CSButtonGroup.cpp">
      <Filter>Source Files\aro\cui</Filter>
    </ClCompile>
    <ClCompile Include="aro\core\arm\SyncLock.cpp">
      <Filter>Source Files\aro\core\arm</Filter>
    </ClCompile>
    <ClCompile Include="aro\core\arm\Types.cpp">
      <Filter>Source Files\aro\core\arm</Filter>
    </ClCompile>
    <ClCompile Include="aro\core\MutableString.cpp">
      <Filter>Source Files\aro\core</Filter>
    </ClCompile>
    <ClCompile Include="aro\core\Main.cpp">
      <Filter>Source Files\aro\core</Filter>
    </ClCompile>
  </ItemGroup>
  <ItemGroup>
    <Text Include="ReadMe.txt">
      <Filter>Resource Files</Filter>
    </Text>
  </ItemGroup>
  <ItemGroup>
    <None Include="..\README.md">
      <Filter>Resource Files</Filter>
    </None>
  </ItemGroup>
</Project>